
Microsoft Visual Studio Solution File, Format Version 12.00
# Visual Studio Version 17
VisualStudioVersion = 17.0.32014.148
MinimumVisualStudioVersion = 10.0.40219.1
Project("{FAE04EC0-301F-11D3-BF4B-00C04F79EFBC}") = "TrainManager_Suelen_Vicente", "TrainManager_Suelen_Vicente\TrainManager_Suelen_Vicente.csproj", "{0B5D3507-7E55-48BE-9A91-7517130E6D62}"
EndProject
Global
	GlobalSection(SolutionConfigurationPlatforms) = preSolution
		Debug|Any CPU = Debug|Any CPU
		Release|Any CPU = Release|Any CPU
	EndGlobalSection
	GlobalSection(ProjectConfigurationPlatforms) = postSolution
		{0B5D3507-7E55-48BE-9A91-7517130E6D62}.Debug|Any CPU.ActiveCfg = Debug|Any CPU
		{0B5D3507-7E55-48BE-9A91-7517130E6D62}.Debug|Any CPU.Build.0 = Debug|Any CPU
		{0B5D3507-7E55-48BE-9A91-7517130E6D62}.Release|Any CPU.ActiveCfg = Release|Any CPU
		{0B5D3507-7E55-48BE-9A91-7517130E6D62}.Release|Any CPU.Build.0 = Release|Any CPU
	EndGlobalSection
	GlobalSection(SolutionProperties) = preSolution
		HideSolutionNode = FALSE
	EndGlobalSection
	GlobalSection(ExtensibilityGlobals) = postSolution
		SolutionGuid = {1D477C63-103E-4EC3-907C-E31B91B3B74D}
	EndGlobalSection
EndGlobal
